
Microsoft Visual Studio Solution File, Format Version 12.00
# Visual Studio Version 16
VisualStudioVersion = 16.0.31019.35
MinimumVisualStudioVersion = 10.0.40219.1
Project("{9A19103F-16F7-4668-BE54-9A1E7A4F7556}") = "PomocnikEpuap.Core", "PomocnikEpuap.Core\PomocnikEpuap.Core.csproj", "{2B2EAB98-00B7-4B5B-82A3-E241DD582192}"
EndProject
Project("{FAE04EC0-301F-11D3-BF4B-00C04F79EFBC}") = "WPFgui", "WPFgui\WPFgui.csproj", "{F5865E55-347D-4328-BBEB-EB6863E46D42}"
EndProject
Project("{9A19103F-16F7-4668-BE54-9A1E7A4F7556}") = "PomocnikEpuap.Core.Tests", "PomocnikEpuap.Core.Tests\PomocnikEpuap.Core.Tests.csproj", "{9BACF4EC-4A02-4752-8CF3-D895B24C3E7B}"
EndProject
Global
	GlobalSection(SolutionConfigurationPlatforms) = preSolution
		Debug|Any CPU = Debug|Any CPU
		Release|Any CPU = Release|Any CPU
	EndGlobalSection
	GlobalSection(ProjectConfigurationPlatforms) = postSolution
		{2B2EAB98-00B7-4B5B-82A3-E241DD582192}.Debug|Any CPU.ActiveCfg = Debug|Any CPU
		{2B2EAB98-00B7-4B5B-82A3-E241DD582192}.Debug|Any CPU.Build.0 = Debug|Any CPU
		{2B2EAB98-00B7-4B5B-82A3-E241DD582192}.Release|Any CPU.ActiveCfg = Release|Any CPU
		{2B2EAB98-00B7-4B5B-82A3-E241DD582192}.Release|Any CPU.Build.0 = Release|Any CPU
		{F5865E55-347D-4328-BBEB-EB6863E46D42}.Debug|Any CPU.ActiveCfg = Debug|Any CPU
		{F5865E55-347D-4328-BBEB-EB6863E46D42}.Debug|Any CPU.Build.0 = Debug|Any CPU
		{F5865E55-347D-4328-BBEB-EB6863E46D42}.Release|Any CPU.ActiveCfg = Release|Any CPU
		{F5865E55-347D-4328-BBEB-EB6863E46D42}.Release|Any CPU.Build.0 = Release|Any CPU
		{9BACF4EC-4A02-4752-8CF3-D895B24C3E7B}.Debug|Any CPU.ActiveCfg = Debug|Any CPU
		{9BACF4EC-4A02-4752-8CF3-D895B24C3E7B}.Debug|Any CPU.Build.0 = Debug|Any CPU
		{9BACF4EC-4A02-4752-8CF3-D895B24C3E7B}.Release|Any CPU.ActiveCfg = Release|Any CPU
		{9BACF4EC-4A02-4752-8CF3-D895B24C3E7B}.Release|Any CPU.Build.0 = Release|Any CPU
	EndGlobalSection
	GlobalSection(SolutionProperties) = preSolution
		HideSolutionNode = FALSE
	EndGlobalSection
	GlobalSection(ExtensibilityGlobals) = postSolution
		SolutionGuid = {D590BBE9-0E4C-4BCE-8B9B-F86CDEF7370E}
	EndGlobalSection
EndGlobal
